
Microsoft Visual Studio Solution File, Format Version 12.00
# Visual Studio Version 16
VisualStudioVersion = 16.0.31624.102
MinimumVisualStudioVersion = 10.0.40219.1
Project("{FAE04EC0-301F-11D3-BF4B-00C04F79EFBC}") = "MyHash", "MyHash\MyHash.csproj", "{249B0847-B71D-4FF3-9EB6-A2EA782FC382}"
EndProject
Global
	GlobalSection(SolutionConfigurationPlatforms) = preSolution
		Debug|Any CPU = Debug|Any CPU
		Release|Any CPU = Release|Any CPU
	EndGlobalSection
	GlobalSection(ProjectConfigurationPlatforms) = postSolution
		{249B0847-B71D-4FF3-9EB6-A2EA782FC382}.Debug|Any CPU.ActiveCfg = Debug|Any CPU
		{249B0847-B71D-4FF3-9EB6-A2EA782FC382}.Debug|Any CPU.Build.0 = Debug|Any CPU
		{249B0847-B71D-4FF3-9EB6-A2EA782FC382}.Release|Any CPU.ActiveCfg = Release|Any CPU
		{249B0847-B71D-4FF3-9EB6-A2EA782FC382}.Release|Any CPU.Build.0 = Release|Any CPU
	EndGlobalSection
	GlobalSection(SolutionProperties) = preSolution
		HideSolutionNode = FALSE
	EndGlobalSection
	GlobalSection(ExtensibilityGlobals) = postSolution
		SolutionGuid = {22661F49-D8C4-4A0B-A2FB-2F1ACC7F0A50}
	EndGlobalSection
EndGlobal
